
Microsoft Visual Studio Solution File, Format Version 12.00
# Visual Studio Version 17
VisualStudioVersion = 17.0.32126.317
MinimumVisualStudioVersion = 10.0.40219.1
Project("{FAE04EC0-301F-11D3-BF4B-00C04F79EFBC}") = "WebApplication1", "WebApplication1.csproj", "{A3B71707-FC22-4534-A1B2-A45F8CE942C0}"
EndProject
Project("{FAE04EC0-301F-11D3-BF4B-00C04F79EFBC}") = "WebApplication2", "..\WebApplication2\WebApplication2.csproj", "{2AAC40F9-6D3E-4B72-B3A1-DAA89A005D6B}"
EndProject
Global
	GlobalSection(SolutionConfigurationPlatforms) = preSolution
		Debug|Any CPU = Debug|Any CPU
		Release|Any CPU = Release|Any CPU
	EndGlobalSection
	GlobalSection(ProjectConfigurationPlatforms) = postSolution
		{A3B71707-FC22-4534-A1B2-A45F8CE942C0}.Debug|Any CPU.ActiveCfg = Debug|Any CPU
		{A3B71707-FC22-4534-A1B2-A45F8CE942C0}.Debug|Any CPU.Build.0 = Debug|Any CPU
		{A3B71707-FC22-4534-A1B2-A45F8CE942C0}.Release|Any CPU.ActiveCfg = Release|Any CPU
		{A3B71707-FC22-4534-A1B2-A45F8CE942C0}.Release|Any CPU.Build.0 = Release|Any CPU
		{2AAC40F9-6D3E-4B72-B3A1-DAA89A005D6B}.Debug|Any CPU.ActiveCfg = Debug|Any CPU
		{2AAC40F9-6D3E-4B72-B3A1-DAA89A005D6B}.Debug|Any CPU.Build.0 = Debug|Any CPU
		{2AAC40F9-6D3E-4B72-B3A1-DAA89A005D6B}.Release|Any CPU.ActiveCfg = Release|Any CPU
		{2AAC40F9-6D3E-4B72-B3A1-DAA89A005D6B}.Release|Any CPU.Build.0 = Release|Any CPU
	EndGlobalSection
	GlobalSection(SolutionProperties) = preSolution
		HideSolutionNode = FALSE
	EndGlobalSection
	GlobalSection(ExtensibilityGlobals) = postSolution
		SolutionGuid = {5D056870-F568-46C7-ACCB-05A6E2BADB4A}
	EndGlobalSection
EndGlobal
